
Microsoft Visual Studio Solution File, Format Version 12.00
Project("{FAE04EC0-301F-11D3-BF4B-00C04F79EFBC}") = "TodoCal", "TodoCal\TodoCal.csproj", "{4793B399-8E48-4EAA-8CF3-CD89E81A44BF}"
EndProject
Global
	GlobalSection(SolutionConfigurationPlatforms) = preSolution
		Debug|Any CPU = Debug|Any CPU
		Release|Any CPU = Release|Any CPU
	EndGlobalSection
	GlobalSection(ProjectConfigurationPlatforms) = postSolution
		{4793B399-8E48-4EAA-8CF3-CD89E81A44BF}.Debug|Any CPU.ActiveCfg = Debug|Any CPU
		{4793B399-8E48-4EAA-8CF3-CD89E81A44BF}.Debug|Any CPU.Build.0 = Debug|Any CPU
		{4793B399-8E48-4EAA-8CF3-CD89E81A44BF}.Release|Any CPU.ActiveCfg = Release|Any CPU
		{4793B399-8E48-4EAA-8CF3-CD89E81A44BF}.Release|Any CPU.Build.0 = Release|Any CPU
	EndGlobalSection
EndGlobal
